// !$*UTF8*$!
{
	archiveVersion = 1;
	classes = {
	};
	objectVersion = 46;
	objects = {

/* Begin PBXBuildFile section */
		A2ACAA381F2B188700CA345E /* AppDelegate.swift in Sources */ = {isa = PBXBuildFile; fileRef = A2ACAA371F2B188700CA345E /* AppDelegate.swift */; };
		A2ACAA3A1F2B188700CA345E /* PhotoViewController.swift in Sources */ = {isa = PBXBuildFile; fileRef = A2ACAA391F2B188700CA345E /* PhotoViewController.swift */; };
		A2ACAA3D1F2B188700CA345E /* Main.storyboard in Resources */ = {isa = PBXBuildFile; fileRef = A2ACAA3B1F2B188700CA345E /* Main.storyboard */; };
		A2ACAA3F1F2B188700CA345E /* Assets.xcassets in Resources */ = {isa = PBXBuildFile; fileRef = A2ACAA3E1F2B188700CA345E /* Assets.xcassets */; };
		A2ACAA421F2B188700CA345E /* LaunchScreen.storyboard in Resources */ = {isa = PBXBuildFile; fileRef = A2ACAA401F2B188700CA345E /* LaunchScreen.storyboard */; };
		A2ACAA4A1F2B19FA00CA345E /* FlickrAPI.swift in Sources */ = {isa = PBXBuildFile; fileRef = A2ACAA491F2B19FA00CA345E /* FlickrAPI.swift */; };
		A2ACAA4C1F2B1EDE00CA345E /* PhotoStore.swift in Sources */ = {isa = PBXBuildFile; fileRef = A2ACAA4B1F2B1EDE00CA345E /* PhotoStore.swift */; };
		A2ACAA4E1F2B23F300CA345E /* Photo.swift in Sources */ = {isa = PBXBuildFile; fileRef = A2ACAA4D1F2B23F300CA345E /* Photo.swift */; };
/* End PBXBuildFile section */

/* Begin PBXFileReference section */
		A2ACAA341F2B188700CA345E /* Photorama.app */ = {isa = PBXFileReference; explicitFileType = wrapper.application; includeInIndex = 0; path = Photorama.app; sourceTree = BUILT_PRODUCTS_DIR; };
		A2ACAA371F2B188700CA345E /* AppDelegate.swift */ = {isa = PBXFileReference; lastKnownFileType = sourcecode.swift; path = AppDelegate.swift; sourceTree = "<group>"; };
		A2ACAA391F2B188700CA345E /* PhotoViewController.swift */ = {isa = PBXFileReference; lastKnownFileType = sourcecode.swift; path = PhotoViewController.swift; sourceTree = "<group>"; };
		A2ACAA3C1F2B188700CA345E /* Base */ = {isa = PBXFileReference; lastKnownFileType = file.storyboard; name = Base; path = Base.lproj/Main.storyboard; sourceTree = "<group>"; };
		A2ACAA3E1F2B188700CA345E /* Assets.xcassets */ = {isa = PBXFileReference; lastKnownFileType = folder.assetcatalog; path = Assets.xcassets; sourceTree = "<group>"; };
		A2ACAA411F2B188700CA345E /* Base */ = {isa = PBXFileReference; lastKnownFileType = file.storyboard; name = Base; path = Base.lproj/LaunchScreen.storyboard; sourceTree = "<group>"; };
		A2ACAA431F2B188700CA345E /* Info.plist */ = {isa = PBXFileReference; lastKnownFileType = text.plist.xml; path = Info.plist; sourceTree = "<group>"; };
		A2ACAA491F2B19FA00CA345E /* FlickrAPI.swift */ = {isa = PBXFileReference; fileEncoding = 4; lastKnownFileType = sourcecode.swift; path = FlickrAPI.swift; sourceTree = "<group>"; };
		A2ACAA4B1F2B1EDE00CA345E /* PhotoStore.swift */ = {isa = PBXFileReference; fileEncoding = 4; lastKnownFileType = sourcecode.swift; path = PhotoStore.swift; sourceTree = "<group>"; };
		A2ACAA4D1F2B23F300CA345E /* Photo.swift */ = {isa = PBXFileReference; fileEncoding = 4; lastKnownFileType = sourcecode.swift; path = Photo.swift; sourceTree = "<group>"; };
/* End PBXFileReference section */

/* Begin PBXFrameworksBuildPhase section */
		A2ACAA311F2B188700CA345E /* Frameworks */ = {
			isa = PBXFrameworksBuildPhase;
			buildActionMask = 2147483647;
			files = (
			);
			runOnlyForDeploymentPostprocessing = 0;
		};
/* End PBXFrameworksBuildPhase section */

/* Begin PBXGroup section */
		A2ACAA2B1F2B188700CA345E = {
			isa = PBXGroup;
			children = (
				A2ACAA361F2B188700CA345E /* Photorama */,
				A2ACAA351F2B188700CA345E /* Products */,
			);
			sourceTree = "<group>";
		};
		A2ACAA351F2B188700CA345E /* Products */ = {
			isa = PBXGroup;
			children = (
				A2ACAA341F2B188700CA345E /* Photorama.app */,
			);
			name = Products;
			sourceTree = "<group>";
		};
		A2ACAA361F2B188700CA345E /* Photorama */ = {
			isa = PBXGroup;
			children = (
				A2ACAA371F2B188700CA345E /* AppDelegate.swift */,
				A2ACAA4D1F2B23F300CA345E /* Photo.swift */,
				A2ACAA4B1F2B1EDE00CA345E /* PhotoStore.swift */,
				A2ACAA491F2B19FA00CA345E /* FlickrAPI.swift */,
				A2ACAA391F2B188700CA345E /* PhotoViewController.swift */,
				A2ACAA3B1F2B188700CA345E /* Main.storyboard */,
				A2ACAA3E1F2B188700CA345E /* Assets.xcassets */,
				A2ACAA401F2B188700CA345E /* LaunchScreen.storyboard */,
				A2ACAA431F2B188700CA345E /* Info.plist */,
			);
			path = Photorama;
			sourceTree = "<group>";
		};
/* End PBXGroup section */

/* Begin PBXNativeTarget section */
		A2ACAA331F2B188700CA345E /* Photorama */ = {
			isa = PBXNativeTarget;
			buildConfigurationList = A2ACAA461F2B188700CA345E /* Build configuration list for PBXNativeTarget "Photorama" */;
			buildPhases = (
				A2ACAA301F2B188700CA345E /* Sources */,
				A2ACAA311F2B188700CA345E /* Frameworks */,
				A2ACAA321F2B188700CA345E /* Resources */,
			);
			buildRules = (
			);
			dependencies = (
			);
			name = Photorama;
			productName = Photorama;
			productReference = A2ACAA341F2B188700CA345E /* Photorama.app */;
			productType = "com.apple.product-type.application";
		};
/* End PBXNativeTarget section */

/* Begin PBXProject section */
		A2ACAA2C1F2B188700CA345E /* Project object */ = {
			isa = PBXProject;
			attributes = {
				LastSwiftUpdateCheck = 0830;
				LastUpgradeCheck = 0830;
				ORGANIZATIONNAME = "김성준";
				TargetAttributes = {
					A2ACAA331F2B188700CA345E = {
						CreatedOnToolsVersion = 8.3.3;
						DevelopmentTeam = 545YH7RGRQ;
						ProvisioningStyle = Automatic;
					};
				};
			};
			buildConfigurationList = A2ACAA2F1F2B188700CA345E /* Build configuration list for PBXProject "Photorama" */;
			compatibilityVersion = "Xcode 3.2";
			developmentRegion = English;
			hasScannedForEncodings = 0;
			knownRegions = (
				en,
				Base,
			);
			mainGroup = A2ACAA2B1F2B188700CA345E;
			productRefGroup = A2ACAA351F2B188700CA345E /* Products */;
			projectDirPath = "";
			projectRoot = "";
			targets = (
				A2ACAA331F2B188700CA345E /* Photorama */,
			);
		};
/* End PBXProject section */

/* Begin PBXResourcesBuildPhase section */
		A2ACAA321F2B188700CA345E /* Resources */ = {
			isa = PBXResourcesBuildPhase;
			buildActionMask = 2147483647;
			files = (
				A2ACAA421F2B188700CA345E /* LaunchScreen.storyboard in Resources */,
				A2ACAA3F1F2B188700CA345E /* Assets.xcassets in Resources */,
				A2ACAA3D1F2B188700CA345E /* Main.storyboard in Resources */,
			);
			runOnlyForDeploymentPostprocessing = 0;
		};
/* End PBXResourcesBuildPhase section */

/* Begin PBXSourcesBuildPhase section */
		A2ACAA301F2B188700CA345E /* Sources */ = {
			isa = PBXSourcesBuildPhase;
			buildActionMask = 2147483647;
			files = (
				A2ACAA4A1F2B19FA00CA345E /* FlickrAPI.swift in Sources */,
				A2ACAA3A1F2B188700CA345E /* PhotoViewController.swift in Sources */,
				A2ACAA4C1F2B1EDE00CA345E /* PhotoStore.swift in Sources */,
				A2ACAA381F2B188700CA345E /* AppDelegate.swift in Sources */,
				A2ACAA4E1F2B23F300CA345E /* Photo.swift in Sources */,
			);
			runOnlyForDeploymentPostprocessing = 0;
		};
/* End PBXSourcesBuildPhase section */

/* Begin PBXVariantGroup section */
		A2ACAA3B1F2B188700CA345E /* Main.storyboard */ = {
			isa = PBXVariantGroup;
			children = (
				A2ACAA3C1F2B188700CA345E /* Base */,
			);
			name = Main.storyboard;
			sourceTree = "<group>";
		};
		A2ACAA401F2B188700CA345E /* LaunchScreen.storyboard */ = {
			isa = PBXVariantGroup;
			children = (
				A2ACAA411F2B188700CA345E /* Base */,
			);
			name = LaunchScreen.storyboard;
			sourceTree = "<group>";
		};
/* End PBXVariantGroup section */

/* Begin XCBuildConfiguration section */
		A2ACAA441F2B188700CA345E /* Debug */ = {
			isa = XCBuildConfiguration;
			buildSettings = {
				ALWAYS_SEARCH_USER_PATHS = NO;
				CLANG_ANALYZER_NONNULL = YES;
				CLANG_ANALYZER_NUMBER_OBJECT_CONVERSION = YES_AGGRESSIVE;
				CLANG_CXX_LANGUAGE_STANDARD = "gnu++0x";
				CLANG_CXX_LIBRARY = "libc++";
				CLANG_ENABLE_MODULES = YES;
				CLANG_ENABLE_OBJC_ARC = YES;
				CLANG_WARN_BOOL_CONVERSION = YES;
				CLANG_WARN_CONSTANT_CONVERSION = YES;
				CLANG_WARN_DIRECT_OBJC_ISA_USAGE = YES_ERROR;
				CLANG_WARN_DOCUMENTATION_COMMENTS = YES;
				CLANG_WARN_EMPTY_BODY = YES;
				CLANG_WARN_ENUM_CONVERSION = YES;
				CLANG_WARN_INFINITE_RECURSION = YES;
				CLANG_WARN_INT_CONVERSION = YES;
				CLANG_WARN_OBJC_ROOT_CLASS = YES_ERROR;
				CLANG_WARN_SUSPICIOUS_MOVE = YES;
				CLANG_WARN_UNREACHABLE_CODE = YES;
				CLANG_WARN__DUPLICATE_METHOD_MATCH = YES;
				"CODE_SIGN_IDENTITY[sdk=iphoneos*]" = "iPhone Developer";
				COPY_PHASE_STRIP = NO;
				DEBUG_INFORMATION_FORMAT = dwarf;
				ENABLE_STRICT_OBJC_MSGSEND = YES;
				ENABLE_TESTABILITY = YES;
				GCC_C_LANGUAGE_STANDARD = gnu99;
				GCC_DYNAMIC_NO_PIC = NO;
				GCC_NO_COMMON_BLOCKS = YES;
				GCC_OPTIMIZATION_LEVEL = 0;
				GCC_PREPROCESSOR_DEFINITIONS = (
					"DEBUG=1",
					"$(inherited)",
				);
				GCC_WARN_64_TO_32_BIT_CONVERSION = YES;
				GCC_WARN_ABOUT_RETURN_TYPE = YES_ERROR;
				GCC_WARN_UNDECLARED_SELECTOR = YES;
				GCC_WARN_UNINITIALIZED_AUTOS = YES_AGGRESSIVE;
				GCC_WARN_UNUSED_FUNCTION = YES;
				GCC_WARN_UNUSED_VARIABLE = YES;
				IPHONEOS_DEPLOYMENT_TARGET = 10.3;
				MTL_ENABLE_DEBUG_INFO = YES;
				ONLY_ACTIVE_ARCH = YES;
				SDKROOT = iphoneos;
				SWIFT_ACTIVE_COMPILATION_CONDITIONS = DEBUG;
				SWIFT_OPTIMIZATION_LEVEL = "-Onone";
			};
			name = Debug;
		};
		A2ACAA451F2B188700CA345E /* Release */ = {
			isa = XCBuildConfiguration;
			buildSettings = {
				ALWAYS_SEARCH_USER_PATHS = NO;
				CLANG_ANALYZER_NONNULL = YES;
				CLANG_ANALYZER_NUMBER_OBJECT_CONVERSION = YES_AGGRESSIVE;
				CLANG_CXX_LANGUAGE_STANDARD = "gnu++0x";
				CLANG_CXX_LIBRARY = "libc++";
				CLANG_ENABLE_MODULES = YES;
				CLANG_ENABLE_OBJC_ARC = YES;
				CLANG_WARN_BOOL_CONVERSION = YES;
				CLANG_WARN_CONSTANT_CONVERSION = YES;
				CLANG_WARN_DIRECT_OBJC_ISA_USAGE = YES_ERROR;
				CLANG_WARN_DOCUMENTATION_COMMENTS = YES;
				CLANG_WARN_EMPTY_BODY = YES;
				CLANG_WARN_ENUM_CONVERSION = YES;
				CLANG_WARN_INFINITE_RECURSION = YES;
				CLANG_WARN_INT_CONVERSION = YES;
				CLANG_WARN_OBJC_ROOT_CLASS = YES_ERROR;
				CLANG_WARN_SUSPICIOUS_MOVE = YES;
				CLANG_WARN_UNREACHABLE_CODE = YES;
				CLANG_WARN__DUPLICATE_METHOD_MATCH = YES;
				"CODE_SIGN_IDENTITY[sdk=iphoneos*]" = "iPhone Developer";
				COPY_PHASE_STRIP = NO;
				DEBUG_INFORMATION_FORMAT = "dwarf-with-dsym";
				ENABLE_NS_ASSERTIONS = NO;
				ENABLE_STRICT_OBJC_MSGSEND = YES;
				GCC_C_LANGUAGE_STANDARD = gnu99;
				GCC_NO_COMMON_BLOCKS = YES;
				GCC_WARN_64_TO_32_BIT_CONVERSION = YES;
				GCC_WARN_ABOUT_RETURN_TYPE = YES_ERROR;
				GCC_WARN_UNDECLARED_SELECTOR = YES;
				GCC_WARN_UNINITIALIZED_AUTOS = YES_AGGRESSIVE;
				GCC_WARN_UNUSED_FUNCTION = YES;
				GCC_WARN_UNUSED_VARIABLE = YES;
				IPHONEOS_DEPLOYMENT_TARGET = 10.3;
				MTL_ENABLE_DEBUG_INFO = NO;
				SDKROOT = iphoneos;
				SWIFT_OPTIMIZATION_LEVEL = "-Owholemodule";
				VALIDATE_PRODUCT = YES;
			};
			name = Release;
		};
		A2ACAA471F2B188700CA345E /* Debug */ = {
			isa = XCBuildConfiguration;
			buildSettings = {
				ASSETCATALOG_COMPILER_APPICON_NAME = AppIcon;
				DEVELOPMENT_TEAM = 545YH7RGRQ;
				INFOPLIST_FILE = Photorama/Info.plist;
				LD_RUNPATH_SEARCH_PATHS = "$(inherited) @executable_path/Frameworks";
				PRODUCT_BUNDLE_IDENTIFIER = com.sjsj.Photorama;
				PRODUCT_NAME = "$(TARGET_NAME)";
				SWIFT_VERSION = 3.0;
			};
			name = Debug;
		};
		A2ACAA481F2B188700CA345E /* Release */ = {
			isa = XCBuildConfiguration;
			buildSettings = {
				ASSETCATALOG_COMPILER_APPICON_NAME = AppIcon;
				DEVELOPMENT_TEAM = 545YH7RGRQ;
				INFOPLIST_FILE = Photorama/Info.plist;
				LD_RUNPATH_SEARCH_PATHS = "$(inherited) @executable_path/Frameworks";
				PRODUCT_BUNDLE_IDENTIFIER = com.sjsj.Photorama;
				PRODUCT_NAME = "$(TARGET_NAME)";
				SWIFT_VERSION = 3.0;
			};
			name = Release;
		};
/* End XCBuildConfiguration section */

/* Begin XCConfigurationList section */
		A2ACAA2F1F2B188700CA345E /* Build configuration list for PBXProject "Photorama" */ = {
			isa = XCConfigurationList;
			buildConfigurations = (
				A2ACAA441F2B188700CA345E /* Debug */,
				A2ACAA451F2B188700CA345E /* Release */,
			);
			defaultConfigurationIsVisible = 0;
			defaultConfigurationName = Release;
		};
		A2ACAA461F2B188700CA345E /* Build configuration list for PBXNativeTarget "Photorama" */ = {
			isa = XCConfigurationList;
			buildConfigurations = (
				A2ACAA471F2B188700CA345E /* Debug */,
				A2ACAA481F2B188700CA345E /* Release */,
			);
			defaultConfigurationIsVisible = 0;
		};
/* End XCConfigurationList section */
	};
	rootObject = A2ACAA2C1F2B188700CA345E /* Project object */;
}
